
Microsoft Visual Studio Solution File, Format Version 12.00
# Visual Studio 15
VisualStudioVersion = 15.0.28307.329
MinimumVisualStudioVersion = 10.0.40219.1
Project("{9A19103F-16F7-4668-BE54-9A1E7A4F7556}") = "ERCS", "ERCS\ERCS.csproj", "{AB020371-E74E-4C00-9610-FD303B8AD4F3}"
EndProject
Project("{9A19103F-16F7-4668-BE54-9A1E7A4F7556}") = "ERCS.Test", "ERCS.Test\ERCS.Test.csproj", "{E36757D9-6F08-4947-B094-2D0DFCDD72BA}"
EndProject
Global
	GlobalSection(SolutionConfigurationPlatforms) = preSolution
		Debug|Any CPU = Debug|Any CPU
		Release|Any CPU = Release|Any CPU
	EndGlobalSection
	GlobalSection(ProjectConfigurationPlatforms) = postSolution
		{AB020371-E74E-4C00-9610-FD303B8AD4F3}.Debug|Any CPU.ActiveCfg = Debug|Any CPU
		{AB020371-E74E-4C00-9610-FD303B8AD4F3}.Debug|Any CPU.Build.0 = Debug|Any CPU
		{AB020371-E74E-4C00-9610-FD303B8AD4F3}.Release|Any CPU.ActiveCfg = Release|Any CPU
		{AB020371-E74E-4C00-9610-FD303B8AD4F3}.Release|Any CPU.Build.0 = Release|Any CPU
		{E36757D9-6F08-4947-B094-2D0DFCDD72BA}.Debug|Any CPU.ActiveCfg = Debug|Any CPU
		{E36757D9-6F08-4947-B094-2D0DFCDD72BA}.Debug|Any CPU.Build.0 = Debug|Any CPU
		{E36757D9-6F08-4947-B094-2D0DFCDD72BA}.Release|Any CPU.ActiveCfg = Release|Any CPU
		{E36757D9-6F08-4947-B094-2D0DFCDD72BA}.Release|Any CPU.Build.0 = Release|Any CPU
	EndGlobalSection
	GlobalSection(SolutionProperties) = preSolution
		HideSolutionNode = FALSE
	EndGlobalSection
	GlobalSection(ExtensibilityGlobals) = postSolution
		SolutionGuid = {1F219808-E6E8-4C1D-B846-41F2F7CF20FA}
	EndGlobalSection
EndGlobal
